Microsoft Visual Studio Solution File, Format Version 12.00
# Visual Studio 2012
Project("{FAE04EC0-301F-11D3-BF4B-00C04F79EFBC}") = "Steering behaviors- Follow and Arrive (start)", "Steering behaviors- Follow and Arrive (start).csproj", "{50B92978-D455-4917-A616-0D40345C5707}"
EndProject
Global
	GlobalSection(SolutionConfigurationPlatforms) = preSolution
	Debug|Any CPU = Debug|Any CPU
	ExportDebug|Any CPU = ExportDebug|Any CPU
	ExportRelease|Any CPU = ExportRelease|Any CPU
	EndGlobalSection
	GlobalSection(ProjectConfigurationPlatforms) = postSolution
		{50B92978-D455-4917-A616-0D40345C5707}.Debug|Any CPU.ActiveCfg = Debug|Any CPU
		{50B92978-D455-4917-A616-0D40345C5707}.Debug|Any CPU.Build.0 = Debug|Any CPU
		{50B92978-D455-4917-A616-0D40345C5707}.ExportDebug|Any CPU.ActiveCfg = ExportDebug|Any CPU
		{50B92978-D455-4917-A616-0D40345C5707}.ExportDebug|Any CPU.Build.0 = ExportDebug|Any CPU
		{50B92978-D455-4917-A616-0D40345C5707}.ExportRelease|Any CPU.ActiveCfg = ExportRelease|Any CPU
		{50B92978-D455-4917-A616-0D40345C5707}.ExportRelease|Any CPU.Build.0 = ExportRelease|Any CPU
	EndGlobalSection
EndGlobal
